# THIS IS AN AUTOGENERATED FILE. DO NOT EDIT THIS FILE DIRECTLY.
# yarn lockfile v1


"fflate@^0.7.4":
  "integrity" "sha512-5u2V/CDW15QM1XbbgS+0DfPxVB+jUKhWEKuuFuHncbk3tEEqzmoXL+2KyOFuKGqOnmdIy0/davWF1CkuwtibCw=="
  "resolved" "https://registry.npmjs.org/fflate/-/fflate-0.7.4.tgz"
  "version" "0.7.4"

"fsevents@~2.3.2":
  "integrity" "sha512-xiqMQR4xAeHTuB9uWm+fFRcIOgKBMiOBP+eXiyT7jsgVCq1bkVygt00oASowB7EdtpOHaaPgKt812P9ab+DDKA=="
  "resolved" "https://registry.npmjs.org/fsevents/-/fsevents-2.3.2.tgz"
  "version" "2.3.2"

"rollup@^3.10.1":
  "integrity" "sha512-3Er+yel3bZbZX1g2kjVM+FW+RUWDxbG87fcqFM5/9HbPCTpbVp6JOLn7jlxnNlbu7s/N/uDA4EV/91E2gWnxzw=="
  "resolved" "https://registry.npmjs.org/rollup/-/rollup-3.10.1.tgz"
  "version" "3.10.1"
  optionalDependencies:
    "fsevents" "~2.3.2"

"three@^0.148.0":
  "integrity" "sha512-8uzVV+qhTPi0bOFs/3te3RW6hb3urL8jYEl6irjCWo/l6sr8MPNMcClFev/MMYeIxr0gmDcoXTy/8LXh/LXkfw=="
  "resolved" "https://registry.npmjs.org/three/-/three-0.148.0.tgz"
  "version" "0.148.0"
